
Microsoft Visual Studio Solution File, Format Version 12.00
# Visual Studio Version 17
VisualStudioVersion = 17.0.31903.59
MinimumVisualStudioVersion = 10.0.40219.1
Project("{FAE04EC0-301F-11D3-BF4B-00C04F79EFBC}") = "LoyaltyService.Domain", "LoyaltyService.Domain\LoyaltyService.Domain.csproj", "{839619AE-0AF6-46DF-9057-2F399BBD9F3B}"
EndProject
Global
	GlobalSection(SolutionConfigurationPlatforms) = preSolution
		Debug|Any CPU = Debug|Any CPU
		Release|Any CPU = Release|Any CPU
	EndGlobalSection
	GlobalSection(SolutionProperties) = preSolution
		HideSolutionNode = FALSE
	EndGlobalSection
	GlobalSection(ProjectConfigurationPlatforms) = postSolution
		{839619AE-0AF6-46DF-9057-2F399BBD9F3B}.Debug|Any CPU.ActiveCfg = Debug|Any CPU
		{839619AE-0AF6-46DF-9057-2F399BBD9F3B}.Debug|Any CPU.Build.0 = Debug|Any CPU
		{839619AE-0AF6-46DF-9057-2F399BBD9F3B}.Release|Any CPU.ActiveCfg = Release|Any CPU
		{839619AE-0AF6-46DF-9057-2F399BBD9F3B}.Release|Any CPU.Build.0 = Release|Any CPU
	EndGlobalSection
EndGlobal
